
Microsoft Visual Studio Solution File, Format Version 12.00
# Visual Studio Version 16
VisualStudioVersion = 16.0.28729.10
MinimumVisualStudioVersion = 10.0.40219.1
Project("{F184B08F-C81C-45F6-A57F-5ABD9991F28F}") = "Domainsip", "Domainsip\Domainsip.vbproj", "{B9793FED-88FF-4135-9805-E3F0AEF7F071}"
EndProject
Global
	GlobalSection(SolutionConfigurationPlatforms) = preSolution
		Debug|Any CPU = Debug|Any CPU
		Release|Any CPU = Release|Any CPU
	EndGlobalSection
	GlobalSection(ProjectConfigurationPlatforms) = postSolution
		{B9793FED-88FF-4135-9805-E3F0AEF7F071}.Debug|Any CPU.ActiveCfg = Debug|Any CPU
		{B9793FED-88FF-4135-9805-E3F0AEF7F071}.Debug|Any CPU.Build.0 = Debug|Any CPU
		{B9793FED-88FF-4135-9805-E3F0AEF7F071}.Release|Any CPU.ActiveCfg = Release|Any CPU
		{B9793FED-88FF-4135-9805-E3F0AEF7F071}.Release|Any CPU.Build.0 = Release|Any CPU
	EndGlobalSection
	GlobalSection(SolutionProperties) = preSolution
		HideSolutionNode = FALSE
	EndGlobalSection
	GlobalSection(ExtensibilityGlobals) = postSolution
		SolutionGuid = {99CDD415-E703-45EF-9896-C71A9E92FDEF}
	EndGlobalSection
EndGlobal
